{
  "name": "ionic-image-cache",
  "version": "1.0.0",
  "lockfileVersion": 2,
  "requires": true,
  "packages": {
    "": {
      "name": "ionic-image-cache",
      "version": "1.0.0",
      "license": "MIT",
      "dependencies": {
        "@capacitor/filesystem": "^4.1.0",
        "@capacitor/preferences": "^4.0.1"
      }
    },
    "node_modules/@capacitor/core": {
      "version": "4.2.0",
      "resolved": "https://registry.npmjs.org/@capacitor/core/-/core-4.2.0.tgz",
      "integrity": "sha512-kHKn6693Yt9TWfuJ0Q+fyxYCpYAvVMKdu3t500seMEfdgNlF6BGaX5GbOnXkU4cnM9p+sIhRiwXv8Iqwm0E+NA==",
      "peer": true,
      "dependencies": {
        "tslib": "^2.1.0"
      }
    },
    "node_modules/@capacitor/filesystem": {
      "version": "4.1.0",
      "resolved": "https://registry.npmjs.org/@capacitor/filesystem/-/filesystem-4.1.0.tgz",
      "integrity": "sha512-isUL8kyH+GzcWToNu1uGyn83pwrnOC6wevefN6kGsq0jluBfryJme6WG1VTq0gi3cw604t8j8XtVoTKz8V7gfQ==",
      "peerDependencies": {
        "@capacitor/core": "^4.0.0"
      }
    },
    "node_modules/@capacitor/preferences": {
      "version": "4.0.1",
      "resolved": "https://registry.npmjs.org/@capacitor/preferences/-/preferences-4.0.1.tgz",
      "integrity": "sha512-FffJjKS4XcodUj/rtFtWizQ9q/oYDSn5opZ+JYwj/EkjiMWMhY/Pk9lN3vwQfp+VJrTt3hjr+bwKXjhTbYBqKw==",
      "peerDependencies": {
        "@capacitor/core": "^4.0.0"
      }
    },
    "node_modules/tslib": {
      "version": "2.4.0",
      "resolved": "https://registry.npmjs.org/tslib/-/tslib-2.4.0.tgz",
      "integrity": "sha512-d6xOpEDfsi2CZVlPQzGeux8XMwLT9hssAsaPYExaQMuYskwb+x1x7J371tWlbBdWHroy99KnVB6qIkUbs5X3UQ==",
      "peer": true
    }
  },
  "dependencies": {
    "@capacitor/core": {
      "version": "4.2.0",
      "resolved": "https://registry.npmjs.org/@capacitor/core/-/core-4.2.0.tgz",
      "integrity": "sha512-kHKn6693Yt9TWfuJ0Q+fyxYCpYAvVMKdu3t500seMEfdgNlF6BGaX5GbOnXkU4cnM9p+sIhRiwXv8Iqwm0E+NA==",
      "peer": true,
      "requires": {
        "tslib": "^2.1.0"
      }
    },
    "@capacitor/filesystem": {
      "version": "4.1.0",
      "resolved": "https://registry.npmjs.org/@capacitor/filesystem/-/filesystem-4.1.0.tgz",
      "integrity": "sha512-isUL8kyH+GzcWToNu1uGyn83pwrnOC6wevefN6kGsq0jluBfryJme6WG1VTq0gi3cw604t8j8XtVoTKz8V7gfQ==",
      "requires": {}
    },
    "@capacitor/preferences": {
      "version": "4.0.1",
      "resolved": "https://registry.npmjs.org/@capacitor/preferences/-/preferences-4.0.1.tgz",
      "integrity": "sha512-FffJjKS4XcodUj/rtFtWizQ9q/oYDSn5opZ+JYwj/EkjiMWMhY/Pk9lN3vwQfp+VJrTt3hjr+bwKXjhTbYBqKw==",
      "requires": {}
    },
    "tslib": {
      "version": "2.4.0",
      "resolved": "https://registry.npmjs.org/tslib/-/tslib-2.4.0.tgz",
      "integrity": "sha512-d6xOpEDfsi2CZVlPQzGeux8XMwLT9hssAsaPYExaQMuYskwb+x1x7J371tWlbBdWHroy99KnVB6qIkUbs5X3UQ==",
      "peer": true
    }
  }
}
